// !$*UTF8*$!
{
	archiveVersion = 1;
	classes = {
	};
	objectVersion = 55;
	objects = {

/* Begin PBXBuildFile section */
		14022A41297063EF00F3E58C /* OffersService.swift in Sources */ = {isa = PBXBuildFile; fileRef = 14022A40297063EF00F3E58C /* OffersService.swift */; };
		143C4203296D775000B4B51A /* Offer.swift in Sources */ = {isa = PBXBuildFile; fileRef = 143C4202296D775000B4B51A /* Offer.swift */; };
		143C4205296D777B00B4B51A /* Detail.swift in Sources */ = {isa = PBXBuildFile; fileRef = 143C4204296D777B00B4B51A /* Detail.swift */; };
		143C4207296D77E900B4B51A /* Offers.swift in Sources */ = {isa = PBXBuildFile; fileRef = 143C4206296D77E900B4B51A /* Offers.swift */; };
		146D9EE92968B87C00AF574D /* AppDelegate.swift in Sources */ = {isa = PBXBuildFile; fileRef = 146D9EE82968B87C00AF574D /* AppDelegate.swift */; };
		146D9EEB2968B87C00AF574D /* SceneDelegate.swift in Sources */ = {isa = PBXBuildFile; fileRef = 146D9EEA2968B87C00AF574D /* SceneDelegate.swift */; };
		146D9EED2968B87C00AF574D /* OffersViewController.swift in Sources */ = {isa = PBXBuildFile; fileRef = 146D9EEC2968B87C00AF574D /* OffersViewController.swift */; };
		146D9EF02968B87C00AF574D /* Main.storyboard in Resources */ = {isa = PBXBuildFile; fileRef = 146D9EEE2968B87C00AF574D /* Main.storyboard */; };
		146D9EF22968B87D00AF574D /* Assets.xcassets in Resources */ = {isa = PBXBuildFile; fileRef = 146D9EF12968B87D00AF574D /* Assets.xcassets */; };
		146D9EF52968B87D00AF574D /* LaunchScreen.storyboard in Resources */ = {isa = PBXBuildFile; fileRef = 146D9EF32968B87D00AF574D /* LaunchScreen.storyboard */; };
		14B1B770296D75E200642E5C /* DetailsViewController.swift in Sources */ = {isa = PBXBuildFile; fileRef = 14B1B76F296D75E200642E5C /* DetailsViewController.swift */; };
		14DDC4082974722500C8E69B /* DetailCell.swift in Sources */ = {isa = PBXBuildFile; fileRef = 14DDC4072974722500C8E69B /* DetailCell.swift */; };
		14E57A3A296D896700F1216B /* OfferCell.swift in Sources */ = {isa = PBXBuildFile; fileRef = 14E57A39296D896700F1216B /* OfferCell.swift */; };
		14E57A3C296D8B3200F1216B /* Section.swift in Sources */ = {isa = PBXBuildFile; fileRef = 14E57A3B296D8B3200F1216B /* Section.swift */; };
		4FADA0B7701C2EB1E2A68C0F /* Pods_VodafoneTest.framework in Frameworks */ = {isa = PBXBuildFile; fileRef = C0CA29CBF3365E7EEC35259E /* Pods_VodafoneTest.framework */; };
/* End PBXBuildFile section */

/* Begin PBXFileReference section */
		14022A40297063EF00F3E58C /* OffersService.swift */ = {isa = PBXFileReference; lastKnownFileType = sourcecode.swift; path = OffersService.swift; sourceTree = "<group>"; };
		143C4202296D775000B4B51A /* Offer.swift */ = {isa = PBXFileReference; lastKnownFileType = sourcecode.swift; path = Offer.swift; sourceTree = "<group>"; };
		143C4204296D777B00B4B51A /* Detail.swift */ = {isa = PBXFileReference; lastKnownFileType = sourcecode.swift; path = Detail.swift; sourceTree = "<group>"; };
		143C4206296D77E900B4B51A /* Offers.swift */ = {isa = PBXFileReference; lastKnownFileType = sourcecode.swift; path = Offers.swift; sourceTree = "<group>"; };
		146D9EE52968B87C00AF574D /* VodafoneTest.app */ = {isa = PBXFileReference; explicitFileType = wrapper.application; includeInIndex = 0; path = VodafoneTest.app; sourceTree = BUILT_PRODUCTS_DIR; };
		146D9EE82968B87C00AF574D /* AppDelegate.swift */ = {isa = PBXFileReference; lastKnownFileType = sourcecode.swift; path = AppDelegate.swift; sourceTree = "<group>"; };
		146D9EEA2968B87C00AF574D /* SceneDelegate.swift */ = {isa = PBXFileReference; lastKnownFileType = sourcecode.swift; path = SceneDelegate.swift; sourceTree = "<group>"; };
		146D9EEC2968B87C00AF574D /* OffersViewController.swift */ = {isa = PBXFileReference; lastKnownFileType = sourcecode.swift; path = OffersViewController.swift; sourceTree = "<group>"; };
		146D9EEF2968B87C00AF574D /* Base */ = {isa = PBXFileReference; lastKnownFileType = file.storyboard; name = Base; path = Base.lproj/Main.storyboard; sourceTree = "<group>"; };
		146D9EF12968B87D00AF574D /* Assets.xcassets */ = {isa = PBXFileReference; lastKnownFileType = folder.assetcatalog; path = Assets.xcassets; sourceTree = "<group>"; };
		146D9EF42968B87D00AF574D /* Base */ = {isa = PBXFileReference; lastKnownFileType = file.storyboard; name = Base; path = Base.lproj/LaunchScreen.storyboard; sourceTree = "<group>"; };
		146D9EF62968B87D00AF574D /* Info.plist */ = {isa = PBXFileReference; lastKnownFileType = text.plist.xml; path = Info.plist; sourceTree = "<group>"; };
		14B1B76F296D75E200642E5C /* DetailsViewController.swift */ = {isa = PBXFileReference; lastKnownFileType = sourcecode.swift; path = DetailsViewController.swift; sourceTree = "<group>"; };
		14DDC4072974722500C8E69B /* DetailCell.swift */ = {isa = PBXFileReference; lastKnownFileType = sourcecode.swift; path = DetailCell.swift; sourceTree = "<group>"; };
		14E57A39296D896700F1216B /* OfferCell.swift */ = {isa = PBXFileReference; lastKnownFileType = sourcecode.swift; path = OfferCell.swift; sourceTree = "<group>"; };
		14E57A3B296D8B3200F1216B /* Section.swift */ = {isa = PBXFileReference; lastKnownFileType = sourcecode.swift; path = Section.swift; sourceTree = "<group>"; };
		8FD3D1EE386DCC8F56A6F587 /* Pods-VodafoneTest.debug.xcconfig */ = {isa = PBXFileReference; includeInIndex = 1; lastKnownFileType = text.xcconfig; name = "Pods-VodafoneTest.debug.xcconfig"; path = "Target Support Files/Pods-VodafoneTest/Pods-VodafoneTest.debug.xcconfig"; sourceTree = "<group>"; };
		C0CA29CBF3365E7EEC35259E /* Pods_VodafoneTest.framework */ = {isa = PBXFileReference; explicitFileType = wrapper.framework; includeInIndex = 0; path = Pods_VodafoneTest.framework; sourceTree = BUILT_PRODUCTS_DIR; };
		D89388B883355C3940D831D0 /* Pods-VodafoneTest.release.xcconfig */ = {isa = PBXFileReference; includeInIndex = 1; lastKnownFileType = text.xcconfig; name = "Pods-VodafoneTest.release.xcconfig"; path = "Target Support Files/Pods-VodafoneTest/Pods-VodafoneTest.release.xcconfig"; sourceTree = "<group>"; };
/* End PBXFileReference section */

/* Begin PBXFrameworksBuildPhase section */
		146D9EE22968B87C00AF574D /* Frameworks */ = {
			isa = PBXFrameworksBuildPhase;
			buildActionMask = 2147483647;
			files = (
				4FADA0B7701C2EB1E2A68C0F /* Pods_VodafoneTest.framework in Frameworks */,
			);
			runOnlyForDeploymentPostprocessing = 0;
		};
/* End PBXFrameworksBuildPhase section */

/* Begin PBXGroup section */
		14022A3F297063D000F3E58C /* Network */ = {
			isa = PBXGroup;
			children = (
				14022A40297063EF00F3E58C /* OffersService.swift */,
			);
			path = Network;
			sourceTree = "<group>";
		};
		143C4201296D774000B4B51A /* Model */ = {
			isa = PBXGroup;
			children = (
				14022A3F297063D000F3E58C /* Network */,
				143C4206296D77E900B4B51A /* Offers.swift */,
				143C4202296D775000B4B51A /* Offer.swift */,
				143C4204296D777B00B4B51A /* Detail.swift */,
				14E57A3B296D8B3200F1216B /* Section.swift */,
			);
			path = Model;
			sourceTree = "<group>";
		};
		143C4208296D7E4400B4B51A /* View */ = {
			isa = PBXGroup;
			children = (
				14DDC405297471F700C8E69B /* Offers */,
				14DDC4062974720900C8E69B /* Details */,
			);
			path = View;
			sourceTree = "<group>";
		};
		146D9EDC2968B87C00AF574D = {
			isa = PBXGroup;
			children = (
				146D9EE72968B87C00AF574D /* VodafoneTest */,
				146D9EE62968B87C00AF574D /* Products */,
				7CC6685D4E6A882EFF77C40B /* Pods */,
				24CC8E3551A2A6469907AB37 /* Frameworks */,
			);
			sourceTree = "<group>";
		};
		146D9EE62968B87C00AF574D /* Products */ = {
			isa = PBXGroup;
			children = (
				146D9EE52968B87C00AF574D /* VodafoneTest.app */,
			);
			name = Products;
			sourceTree = "<group>";
		};
		146D9EE72968B87C00AF574D /* VodafoneTest */ = {
			isa = PBXGroup;
			children = (
				146D9EE82968B87C00AF574D /* AppDelegate.swift */,
				146D9EEA2968B87C00AF574D /* SceneDelegate.swift */,
				143C4208296D7E4400B4B51A /* View */,
				143C4201296D774000B4B51A /* Model */,
				146D9EEE2968B87C00AF574D /* Main.storyboard */,
				146D9EF12968B87D00AF574D /* Assets.xcassets */,
				146D9EF32968B87D00AF574D /* LaunchScreen.storyboard */,
				146D9EF62968B87D00AF574D /* Info.plist */,
			);
			path = VodafoneTest;
			sourceTree = "<group>";
		};
		14DDC405297471F700C8E69B /* Offers */ = {
			isa = PBXGroup;
			children = (
				146D9EEC2968B87C00AF574D /* OffersViewController.swift */,
				14E57A39296D896700F1216B /* OfferCell.swift */,
			);
			path = Offers;
			sourceTree = "<group>";
		};
		14DDC4062974720900C8E69B /* Details */ = {
			isa = PBXGroup;
			children = (
				14B1B76F296D75E200642E5C /* DetailsViewController.swift */,
				14DDC4072974722500C8E69B /* DetailCell.swift */,
			);
			path = Details;
			sourceTree = "<group>";
		};
		24CC8E3551A2A6469907AB37 /* Frameworks */ = {
			isa = PBXGroup;
			children = (
				C0CA29CBF3365E7EEC35259E /* Pods_VodafoneTest.framework */,
			);
			name = Frameworks;
			sourceTree = "<group>";
		};
		7CC6685D4E6A882EFF77C40B /* Pods */ = {
			isa = PBXGroup;
			children = (
				8FD3D1EE386DCC8F56A6F587 /* Pods-VodafoneTest.debug.xcconfig */,
				D89388B883355C3940D831D0 /* Pods-VodafoneTest.release.xcconfig */,
			);
			path = Pods;
			sourceTree = "<group>";
		};
/* End PBXGroup section */

/* Begin PBXNativeTarget section */
		146D9EE42968B87C00AF574D /* VodafoneTest */ = {
			isa = PBXNativeTarget;
			buildConfigurationList = 146D9EF92968B87D00AF574D /* Build configuration list for PBXNativeTarget "VodafoneTest" */;
			buildPhases = (
				8C3BC7E27D1A541C7A2100A1 /* [CP] Check Pods Manifest.lock */,
				146D9EE12968B87C00AF574D /* Sources */,
				146D9EE22968B87C00AF574D /* Frameworks */,
				146D9EE32968B87C00AF574D /* Resources */,
				D578F46501B4A846BD124D2A /* [CP] Embed Pods Frameworks */,
			);
			buildRules = (
			);
			dependencies = (
			);
			name = VodafoneTest;
			productName = VodafoneTest;
			productReference = 146D9EE52968B87C00AF574D /* VodafoneTest.app */;
			productType = "com.apple.product-type.application";
		};
/* End PBXNativeTarget section */

/* Begin PBXProject section */
		146D9EDD2968B87C00AF574D /* Project object */ = {
			isa = PBXProject;
			attributes = {
				BuildIndependentTargetsInParallel = 1;
				LastSwiftUpdateCheck = 1400;
				LastUpgradeCheck = 1400;
				TargetAttributes = {
					146D9EE42968B87C00AF574D = {
						CreatedOnToolsVersion = 14.0.1;
					};
				};
			};
			buildConfigurationList = 146D9EE02968B87C00AF574D /* Build configuration list for PBXProject "VodafoneTest" */;
			compatibilityVersion = "Xcode 13.0";
			developmentRegion = en;
			hasScannedForEncodings = 0;
			knownRegions = (
				en,
				Base,
			);
			mainGroup = 146D9EDC2968B87C00AF574D;
			productRefGroup = 146D9EE62968B87C00AF574D /* Products */;
			projectDirPath = "";
			projectRoot = "";
			targets = (
				146D9EE42968B87C00AF574D /* VodafoneTest */,
			);
		};
/* End PBXProject section */

/* Begin PBXResourcesBuildPhase section */
		146D9EE32968B87C00AF574D /* Resources */ = {
			isa = PBXResourcesBuildPhase;
			buildActionMask = 2147483647;
			files = (
				146D9EF52968B87D00AF574D /* LaunchScreen.storyboard in Resources */,
				146D9EF22968B87D00AF574D /* Assets.xcassets in Resources */,
				146D9EF02968B87C00AF574D /* Main.storyboard in Resources */,
			);
			runOnlyForDeploymentPostprocessing = 0;
		};
/* End PBXResourcesBuildPhase section */

/* Begin PBXShellScriptBuildPhase section */
		8C3BC7E27D1A541C7A2100A1 /* [CP] Check Pods Manifest.lock */ = {
			isa = PBXShellScriptBuildPhase;
			buildActionMask = 2147483647;
			files = (
			);
			inputFileListPaths = (
			);
			inputPaths = (
				"${PODS_PODFILE_DIR_PATH}/Podfile.lock",
				"${PODS_ROOT}/Manifest.lock",
			);
			name = "[CP] Check Pods Manifest.lock";
			outputFileListPaths = (
			);
			outputPaths = (
				"$(DERIVED_FILE_DIR)/Pods-VodafoneTest-checkManifestLockResult.txt",
			);
			runOnlyForDeploymentPostprocessing = 0;
			shellPath = /bin/sh;
			shellScript = "diff \"${PODS_PODFILE_DIR_PATH}/Podfile.lock\" \"${PODS_ROOT}/Manifest.lock\" > /dev/null\nif [ $? != 0 ] ; then\n    # print error to STDERR\n    echo \"error: The sandbox is not in sync with the Podfile.lock. Run 'pod install' or update your CocoaPods installation.\" >&2\n    exit 1\nfi\n# This output is used by Xcode 'outputs' to avoid re-running this script phase.\necho \"SUCCESS\" > \"${SCRIPT_OUTPUT_FILE_0}\"\n";
			showEnvVarsInLog = 0;
		};
		D578F46501B4A846BD124D2A /* [CP] Embed Pods Frameworks */ = {
			isa = PBXShellScriptBuildPhase;
			buildActionMask = 2147483647;
			files = (
			);
			inputFileListPaths = (
				"${PODS_ROOT}/Target Support Files/Pods-VodafoneTest/Pods-VodafoneTest-frameworks-${CONFIGURATION}-input-files.xcfilelist",
			);
			name = "[CP] Embed Pods Frameworks";
			outputFileListPaths = (
				"${PODS_ROOT}/Target Support Files/Pods-VodafoneTest/Pods-VodafoneTest-frameworks-${CONFIGURATION}-output-files.xcfilelist",
			);
			runOnlyForDeploymentPostprocessing = 0;
			shellPath = /bin/sh;
			shellScript = "\"${PODS_ROOT}/Target Support Files/Pods-VodafoneTest/Pods-VodafoneTest-frameworks.sh\"\n";
			showEnvVarsInLog = 0;
		};
/* End PBXShellScriptBuildPhase section */

/* Begin PBXSourcesBuildPhase section */
		146D9EE12968B87C00AF574D /* Sources */ = {
			isa = PBXSourcesBuildPhase;
			buildActionMask = 2147483647;
			files = (
				14022A41297063EF00F3E58C /* OffersService.swift in Sources */,
				14DDC4082974722500C8E69B /* DetailCell.swift in Sources */,
				14E57A3C296D8B3200F1216B /* Section.swift in Sources */,
				14E57A3A296D896700F1216B /* OfferCell.swift in Sources */,
				146D9EED2968B87C00AF574D /* OffersViewController.swift in Sources */,
				143C4207296D77E900B4B51A /* Offers.swift in Sources */,
				146D9EE92968B87C00AF574D /* AppDelegate.swift in Sources */,
				143C4205296D777B00B4B51A /* Detail.swift in Sources */,
				146D9EEB2968B87C00AF574D /* SceneDelegate.swift in Sources */,
				14B1B770296D75E200642E5C /* DetailsViewController.swift in Sources */,
				143C4203296D775000B4B51A /* Offer.swift in Sources */,
			);
			runOnlyForDeploymentPostprocessing = 0;
		};
/* End PBXSourcesBuildPhase section */

/* Begin PBXVariantGroup section */
		146D9EEE2968B87C00AF574D /* Main.storyboard */ = {
			isa = PBXVariantGroup;
			children = (
				146D9EEF2968B87C00AF574D /* Base */,
			);
			name = Main.storyboard;
			sourceTree = "<group>";
		};
		146D9EF32968B87D00AF574D /* LaunchScreen.storyboard */ = {
			isa = PBXVariantGroup;
			children = (
				146D9EF42968B87D00AF574D /* Base */,
			);
			name = LaunchScreen.storyboard;
			sourceTree = "<group>";
		};
/* End PBXVariantGroup section */

/* Begin XCBuildConfiguration section */
		146D9EF72968B87D00AF574D /* Debug */ = {
			isa = XCBuildConfiguration;
			buildSettings = {
				ALWAYS_SEARCH_USER_PATHS = NO;
				CLANG_ANALYZER_NONNULL = YES;
				CLANG_ANALYZER_NUMBER_OBJECT_CONVERSION = YES_AGGRESSIVE;
				CLANG_CXX_LANGUAGE_STANDARD = "gnu++20";
				CLANG_ENABLE_MODULES = YES;
				CLANG_ENABLE_OBJC_ARC = YES;
				CLANG_ENABLE_OBJC_WEAK = YES;
				CLANG_WARN_BLOCK_CAPTURE_AUTORELEASING = YES;
				CLANG_WARN_BOOL_CONVERSION = YES;
				CLANG_WARN_COMMA = YES;
				CLANG_WARN_CONSTANT_CONVERSION = YES;
				CLANG_WARN_DEPRECATED_OBJC_IMPLEMENTATIONS = YES;
				CLANG_WARN_DIRECT_OBJC_ISA_USAGE = YES_ERROR;
				CLANG_WARN_DOCUMENTATION_COMMENTS = YES;
				CLANG_WARN_EMPTY_BODY = YES;
				CLANG_WARN_ENUM_CONVERSION = YES;
				CLANG_WARN_INFINITE_RECURSION = YES;
				CLANG_WARN_INT_CONVERSION = YES;
				CLANG_WARN_NON_LITERAL_NULL_CONVERSION = YES;
				CLANG_WARN_OBJC_IMPLICIT_RETAIN_SELF = YES;
				CLANG_WARN_OBJC_LITERAL_CONVERSION = YES;
				CLANG_WARN_OBJC_ROOT_CLASS = YES_ERROR;
				CLANG_WARN_QUOTED_INCLUDE_IN_FRAMEWORK_HEADER = YES;
				CLANG_WARN_RANGE_LOOP_ANALYSIS = YES;
				CLANG_WARN_STRICT_PROTOTYPES = YES;
				CLANG_WARN_SUSPICIOUS_MOVE = YES;
				CLANG_WARN_UNGUARDED_AVAILABILITY = YES_AGGRESSIVE;
				CLANG_WARN_UNREACHABLE_CODE = YES;
				CLANG_WARN__DUPLICATE_METHOD_MATCH = YES;
				COPY_PHASE_STRIP = NO;
				DEBUG_INFORMATION_FORMAT = dwarf;
				ENABLE_STRICT_OBJC_MSGSEND = YES;
				ENABLE_TESTABILITY = YES;
				GCC_C_LANGUAGE_STANDARD = gnu11;
				GCC_DYNAMIC_NO_PIC = NO;
				GCC_NO_COMMON_BLOCKS = YES;
				GCC_OPTIMIZATION_LEVEL = 0;
				GCC_PREPROCESSOR_DEFINITIONS = (
					"DEBUG=1",
					"$(inherited)",
				);
				GCC_WARN_64_TO_32_BIT_CONVERSION = YES;
				GCC_WARN_ABOUT_RETURN_TYPE = YES_ERROR;
				GCC_WARN_UNDECLARED_SELECTOR = YES;
				GCC_WARN_UNINITIALIZED_AUTOS = YES_AGGRESSIVE;
				GCC_WARN_UNUSED_FUNCTION = YES;
				GCC_WARN_UNUSED_VARIABLE = YES;
				IPHONEOS_DEPLOYMENT_TARGET = 12.0;
				MTL_ENABLE_DEBUG_INFO = INCLUDE_SOURCE;
				MTL_FAST_MATH = YES;
				ONLY_ACTIVE_ARCH = YES;
				SDKROOT = iphoneos;
				SWIFT_ACTIVE_COMPILATION_CONDITIONS = DEBUG;
				SWIFT_OPTIMIZATION_LEVEL = "-Onone";
			};
			name = Debug;
		};
		146D9EF82968B87D00AF574D /* Release */ = {
			isa = XCBuildConfiguration;
			buildSettings = {
				ALWAYS_SEARCH_USER_PATHS = NO;
				CLANG_ANALYZER_NONNULL = YES;
				CLANG_ANALYZER_NUMBER_OBJECT_CONVERSION = YES_AGGRESSIVE;
				CLANG_CXX_LANGUAGE_STANDARD = "gnu++20";
				CLANG_ENABLE_MODULES = YES;
				CLANG_ENABLE_OBJC_ARC = YES;
				CLANG_ENABLE_OBJC_WEAK = YES;
				CLANG_WARN_BLOCK_CAPTURE_AUTORELEASING = YES;
				CLANG_WARN_BOOL_CONVERSION = YES;
				CLANG_WARN_COMMA = YES;
				CLANG_WARN_CONSTANT_CONVERSION = YES;
				CLANG_WARN_DEPRECATED_OBJC_IMPLEMENTATIONS = YES;
				CLANG_WARN_DIRECT_OBJC_ISA_USAGE = YES_ERROR;
				CLANG_WARN_DOCUMENTATION_COMMENTS = YES;
				CLANG_WARN_EMPTY_BODY = YES;
				CLANG_WARN_ENUM_CONVERSION = YES;
				CLANG_WARN_INFINITE_RECURSION = YES;
				CLANG_WARN_INT_CONVERSION = YES;
				CLANG_WARN_NON_LITERAL_NULL_CONVERSION = YES;
				CLANG_WARN_OBJC_IMPLICIT_RETAIN_SELF = YES;
				CLANG_WARN_OBJC_LITERAL_CONVERSION = YES;
				CLANG_WARN_OBJC_ROOT_CLASS = YES_ERROR;
				CLANG_WARN_QUOTED_INCLUDE_IN_FRAMEWORK_HEADER = YES;
				CLANG_WARN_RANGE_LOOP_ANALYSIS = YES;
				CLANG_WARN_STRICT_PROTOTYPES = YES;
				CLANG_WARN_SUSPICIOUS_MOVE = YES;
				CLANG_WARN_UNGUARDED_AVAILABILITY = YES_AGGRESSIVE;
				CLANG_WARN_UNREACHABLE_CODE = YES;
				CLANG_WARN__DUPLICATE_METHOD_MATCH = YES;
				COPY_PHASE_STRIP = NO;
				DEBUG_INFORMATION_FORMAT = "dwarf-with-dsym";
				ENABLE_NS_ASSERTIONS = NO;
				ENABLE_STRICT_OBJC_MSGSEND = YES;
				GCC_C_LANGUAGE_STANDARD = gnu11;
				GCC_NO_COMMON_BLOCKS = YES;
				GCC_WARN_64_TO_32_BIT_CONVERSION = YES;
				GCC_WARN_ABOUT_RETURN_TYPE = YES_ERROR;
				GCC_WARN_UNDECLARED_SELECTOR = YES;
				GCC_WARN_UNINITIALIZED_AUTOS = YES_AGGRESSIVE;
				GCC_WARN_UNUSED_FUNCTION = YES;
				GCC_WARN_UNUSED_VARIABLE = YES;
				IPHONEOS_DEPLOYMENT_TARGET = 12.0;
				MTL_ENABLE_DEBUG_INFO = NO;
				MTL_FAST_MATH = YES;
				SDKROOT = iphoneos;
				SWIFT_COMPILATION_MODE = wholemodule;
				SWIFT_OPTIMIZATION_LEVEL = "-O";
				VALIDATE_PRODUCT = YES;
			};
			name = Release;
		};
		146D9EFA2968B87D00AF574D /* Debug */ = {
			isa = XCBuildConfiguration;
			baseConfigurationReference = 8FD3D1EE386DCC8F56A6F587 /* Pods-VodafoneTest.debug.xcconfig */;
			buildSettings = {
				ASSETCATALOG_COMPILER_APPICON_NAME = AppIcon;
				ASSETCATALOG_COMPILER_GLOBAL_ACCENT_COLOR_NAME = AccentColor;
				CODE_SIGN_STYLE = Automatic;
				CURRENT_PROJECT_VERSION = 1;
				DEVELOPMENT_TEAM = DP687Z5DR7;
				GENERATE_INFOPLIST_FILE = YES;
				INFOPLIST_FILE = VodafoneTest/Info.plist;
				INFOPLIST_KEY_UIApplicationSupportsIndirectInputEvents = YES;
				INFOPLIST_KEY_UILaunchStoryboardName = LaunchScreen;
				INFOPLIST_KEY_UIMainStoryboardFile = Main;
				INFOPLIST_KEY_UISupportedInterfaceOrientations_iPad = "UIInterfaceOrientationPortrait UIInterfaceOrientationPortraitUpsideDown UIInterfaceOrientationLandscapeLeft UIInterfaceOrientationLandscapeRight";
				INFOPLIST_KEY_UISupportedInterfaceOrientations_iPhone = "UIInterfaceOrientationPortrait UIInterfaceOrientationLandscapeLeft UIInterfaceOrientationLandscapeRight";
				LD_RUNPATH_SEARCH_PATHS = (
					"$(inherited)",
					"@executable_path/Frameworks",
				);
				MARKETING_VERSION = 1.0;
				PRODUCT_BUNDLE_IDENTIFIER = com.meszkris.VodafoneTest;
				PRODUCT_NAME = "$(TARGET_NAME)";
				SWIFT_EMIT_LOC_STRINGS = YES;
				SWIFT_VERSION = 5.0;
				TARGETED_DEVICE_FAMILY = "1,2";
			};
			name = Debug;
		};
		146D9EFB2968B87D00AF574D /* Release */ = {
			isa = XCBuildConfiguration;
			baseConfigurationReference = D89388B883355C3940D831D0 /* Pods-VodafoneTest.release.xcconfig */;
			buildSettings = {
				ASSETCATALOG_COMPILER_APPICON_NAME = AppIcon;
				ASSETCATALOG_COMPILER_GLOBAL_ACCENT_COLOR_NAME = AccentColor;
				CODE_SIGN_STYLE = Automatic;
				CURRENT_PROJECT_VERSION = 1;
				DEVELOPMENT_TEAM = DP687Z5DR7;
				GENERATE_INFOPLIST_FILE = YES;
				INFOPLIST_FILE = VodafoneTest/Info.plist;
				INFOPLIST_KEY_UIApplicationSupportsIndirectInputEvents = YES;
				INFOPLIST_KEY_UILaunchStoryboardName = LaunchScreen;
				INFOPLIST_KEY_UIMainStoryboardFile = Main;
				INFOPLIST_KEY_UISupportedInterfaceOrientations_iPad = "UIInterfaceOrientationPortrait UIInterfaceOrientationPortraitUpsideDown UIInterfaceOrientationLandscapeLeft UIInterfaceOrientationLandscapeRight";
				INFOPLIST_KEY_UISupportedInterfaceOrientations_iPhone = "UIInterfaceOrientationPortrait UIInterfaceOrientationLandscapeLeft UIInterfaceOrientationLandscapeRight";
				LD_RUNPATH_SEARCH_PATHS = (
					"$(inherited)",
					"@executable_path/Frameworks",
				);
				MARKETING_VERSION = 1.0;
				PRODUCT_BUNDLE_IDENTIFIER = com.meszkris.VodafoneTest;
				PRODUCT_NAME = "$(TARGET_NAME)";
				SWIFT_EMIT_LOC_STRINGS = YES;
				SWIFT_VERSION = 5.0;
				TARGETED_DEVICE_FAMILY = "1,2";
			};
			name = Release;
		};
/* End XCBuildConfiguration section */

/* Begin XCConfigurationList section */
		146D9EE02968B87C00AF574D /* Build configuration list for PBXProject "VodafoneTest" */ = {
			isa = XCConfigurationList;
			buildConfigurations = (
				146D9EF72968B87D00AF574D /* Debug */,
				146D9EF82968B87D00AF574D /* Release */,
			);
			defaultConfigurationIsVisible = 0;
			defaultConfigurationName = Release;
		};
		146D9EF92968B87D00AF574D /* Build configuration list for PBXNativeTarget "VodafoneTest" */ = {
			isa = XCConfigurationList;
			buildConfigurations = (
				146D9EFA2968B87D00AF574D /* Debug */,
				146D9EFB2968B87D00AF574D /* Release */,
			);
			defaultConfigurationIsVisible = 0;
			defaultConfigurationName = Release;
		};
/* End XCConfigurationList section */
	};
	rootObject = 146D9EDD2968B87C00AF574D /* Project object */;
}
